
Microsoft Visual Studio Solution File, Format Version 12.00
# Visual Studio Version 16
VisualStudioVersion = 16.0.30523.141
MinimumVisualStudioVersion = 10.0.40219.1
Project("{FAE04EC0-301F-11D3-BF4B-00C04F79EFBC}") = "HSP-Vorlage-Fakultaet", "HSP-Vorlage-Fakultaet\HSP-Vorlage-Fakultaet.csproj", "{FE6F3F4E-4F30-447B-B870-06F24996EDD0}"
EndProject
Project("{FAE04EC0-301F-11D3-BF4B-00C04F79EFBC}") = "Fakultaet.UnitTests", "Fakultaet.UnitTests\Fakultaet.UnitTests.csproj", "{37D180BD-6B8D-4263-BC29-4DD4B57AB759}"
EndProject
Global
	GlobalSection(SolutionConfigurationPlatforms) = preSolution
		Debug|Any CPU = Debug|Any CPU
		Release|Any CPU = Release|Any CPU
	EndGlobalSection
	GlobalSection(ProjectConfigurationPlatforms) = postSolution
		{FE6F3F4E-4F30-447B-B870-06F24996EDD0}.Debug|Any CPU.ActiveCfg = Debug|Any CPU
		{FE6F3F4E-4F30-447B-B870-06F24996EDD0}.Debug|Any CPU.Build.0 = Debug|Any CPU
		{FE6F3F4E-4F30-447B-B870-06F24996EDD0}.Release|Any CPU.ActiveCfg = Release|Any CPU
		{FE6F3F4E-4F30-447B-B870-06F24996EDD0}.Release|Any CPU.Build.0 = Release|Any CPU
		{37D180BD-6B8D-4263-BC29-4DD4B57AB759}.Debug|Any CPU.ActiveCfg = Debug|Any CPU
		{37D180BD-6B8D-4263-BC29-4DD4B57AB759}.Debug|Any CPU.Build.0 = Debug|Any CPU
		{37D180BD-6B8D-4263-BC29-4DD4B57AB759}.Release|Any CPU.ActiveCfg = Release|Any CPU
		{37D180BD-6B8D-4263-BC29-4DD4B57AB759}.Release|Any CPU.Build.0 = Release|Any CPU
	EndGlobalSection
	GlobalSection(SolutionProperties) = preSolution
		HideSolutionNode = FALSE
	EndGlobalSection
	GlobalSection(ExtensibilityGlobals) = postSolution
		SolutionGuid = {87AE6420-C767-447E-8887-DD1BCCF7578B}
	EndGlobalSection
EndGlobal
